
Microsoft Visual Studio Solution File, Format Version 12.00
# Visual Studio 2013
VisualStudioVersion = 12.0.21005.1
MinimumVisualStudioVersion = 10.0.40219.1
Project("{FAE04EC0-301F-11D3-BF4B-00C04F79EFBC}") = "MaxMelcher.QueryLogger.Monitor", "MaxMelcher.QueryLogger.Monitor\MaxMelcher.QueryLogger.Monitor.csproj", "{7CC335F2-3FD4-45FA-A90C-01A5E09C6B5D}"
EndProject
Project("{2150E333-8FDC-42A3-9474-1A3956D46DE8}") = "Tests", "Tests", "{C781DB76-5D5D-4784-B568-5E9739CC4975}"
EndProject
Project("{FAE04EC0-301F-11D3-BF4B-00C04F79EFBC}") = "Monitor.Tests", "Monitor.Tests\Monitor.Tests.csproj", "{6373F71C-8A0B-47D9-89E1-ECEE16E76BAB}"
EndProject
Project("{FAE04EC0-301F-11D3-BF4B-00C04F79EFBC}") = "MaxMelcher.QueryLogger.SignalrConsoleHost", "MaxMelcher.QueryLogger.SignalrConsoleHost\MaxMelcher.QueryLogger.SignalrConsoleHost.csproj", "{93B29DB6-D172-4CF8-9DBF-9C4EA9B6DD67}"
EndProject
Project("{FAE04EC0-301F-11D3-BF4B-00C04F79EFBC}") = "MaxMelcher.QueryLogger.TestClient", "MaxMelcher.QueryLogger.TestClient\MaxMelcher.QueryLogger.TestClient.csproj", "{149792BA-4F1F-4CD5-A29C-8E8A289E5ADA}"
EndProject
Project("{FAE04EC0-301F-11D3-BF4B-00C04F79EFBC}") = "MaxMelcher.QueryLogger.Utils", "MaxMelcher.QueryLogger.Utils\MaxMelcher.QueryLogger.Utils.csproj", "{19BF3115-4FD9-4255-B82B-BB7F99F6F8BB}"
EndProject
Project("{FAE04EC0-301F-11D3-BF4B-00C04F79EFBC}") = "MaxMelcher.QueryLogger.WebParts", "MaxMelcher.QueryLogger.WebParts\MaxMelcher.QueryLogger.WebParts.csproj", "{9E9553DE-EA9A-4F31-9013-F8F4DADACBCE}"
EndProject
Project("{FAE04EC0-301F-11D3-BF4B-00C04F79EFBC}") = "SearchQueryTool", "SearchQueryTool\SearchQueryTool.csproj", "{DE9E8C75-7585-4351-BA62-E32ED11C4169}"
EndProject
Global
	GlobalSection(SolutionConfigurationPlatforms) = preSolution
		Debug|Any CPU = Debug|Any CPU
		Release|Any CPU = Release|Any CPU
	EndGlobalSection
	GlobalSection(ProjectConfigurationPlatforms) = postSolution
		{7CC335F2-3FD4-45FA-A90C-01A5E09C6B5D}.Debug|Any CPU.ActiveCfg = Debug|Any CPU
		{7CC335F2-3FD4-45FA-A90C-01A5E09C6B5D}.Debug|Any CPU.Build.0 = Debug|Any CPU
		{7CC335F2-3FD4-45FA-A90C-01A5E09C6B5D}.Release|Any CPU.ActiveCfg = Release|Any CPU
		{7CC335F2-3FD4-45FA-A90C-01A5E09C6B5D}.Release|Any CPU.Build.0 = Release|Any CPU
		{6373F71C-8A0B-47D9-89E1-ECEE16E76BAB}.Debug|Any CPU.ActiveCfg = Debug|Any CPU
		{6373F71C-8A0B-47D9-89E1-ECEE16E76BAB}.Debug|Any CPU.Build.0 = Debug|Any CPU
		{6373F71C-8A0B-47D9-89E1-ECEE16E76BAB}.Release|Any CPU.ActiveCfg = Release|Any CPU
		{6373F71C-8A0B-47D9-89E1-ECEE16E76BAB}.Release|Any CPU.Build.0 = Release|Any CPU
		{93B29DB6-D172-4CF8-9DBF-9C4EA9B6DD67}.Debug|Any CPU.ActiveCfg = Debug|Any CPU
		{93B29DB6-D172-4CF8-9DBF-9C4EA9B6DD67}.Debug|Any CPU.Build.0 = Debug|Any CPU
		{93B29DB6-D172-4CF8-9DBF-9C4EA9B6DD67}.Release|Any CPU.ActiveCfg = Release|Any CPU
		{93B29DB6-D172-4CF8-9DBF-9C4EA9B6DD67}.Release|Any CPU.Build.0 = Release|Any CPU
		{149792BA-4F1F-4CD5-A29C-8E8A289E5ADA}.Debug|Any CPU.ActiveCfg = Debug|Any CPU
		{149792BA-4F1F-4CD5-A29C-8E8A289E5ADA}.Debug|Any CPU.Build.0 = Debug|Any CPU
		{149792BA-4F1F-4CD5-A29C-8E8A289E5ADA}.Release|Any CPU.ActiveCfg = Release|Any CPU
		{149792BA-4F1F-4CD5-A29C-8E8A289E5ADA}.Release|Any CPU.Build.0 = Release|Any CPU
		{19BF3115-4FD9-4255-B82B-BB7F99F6F8BB}.Debug|Any CPU.ActiveCfg = Debug|Any CPU
		{19BF3115-4FD9-4255-B82B-BB7F99F6F8BB}.Debug|Any CPU.Build.0 = Debug|Any CPU
		{19BF3115-4FD9-4255-B82B-BB7F99F6F8BB}.Release|Any CPU.ActiveCfg = Release|Any CPU
		{19BF3115-4FD9-4255-B82B-BB7F99F6F8BB}.Release|Any CPU.Build.0 = Release|Any CPU
		{9E9553DE-EA9A-4F31-9013-F8F4DADACBCE}.Debug|Any CPU.ActiveCfg = Debug|Any CPU
		{9E9553DE-EA9A-4F31-9013-F8F4DADACBCE}.Debug|Any CPU.Build.0 = Debug|Any CPU
		{9E9553DE-EA9A-4F31-9013-F8F4DADACBCE}.Debug|Any CPU.Deploy.0 = Debug|Any CPU
		{9E9553DE-EA9A-4F31-9013-F8F4DADACBCE}.Release|Any CPU.ActiveCfg = Release|Any CPU
		{9E9553DE-EA9A-4F31-9013-F8F4DADACBCE}.Release|Any CPU.Build.0 = Release|Any CPU
		{9E9553DE-EA9A-4F31-9013-F8F4DADACBCE}.Release|Any CPU.Deploy.0 = Release|Any CPU
		{DE9E8C75-7585-4351-BA62-E32ED11C4169}.Debug|Any CPU.ActiveCfg = Debug|Any CPU
		{DE9E8C75-7585-4351-BA62-E32ED11C4169}.Debug|Any CPU.Build.0 = Debug|Any CPU
		{DE9E8C75-7585-4351-BA62-E32ED11C4169}.Release|Any CPU.ActiveCfg = Release|Any CPU
		{DE9E8C75-7585-4351-BA62-E32ED11C4169}.Release|Any CPU.Build.0 = Release|Any CPU
	EndGlobalSection
	GlobalSection(SolutionProperties) = preSolution
		HideSolutionNode = FALSE
	EndGlobalSection
	GlobalSection(NestedProjects) = preSolution
		{6373F71C-8A0B-47D9-89E1-ECEE16E76BAB} = {C781DB76-5D5D-4784-B568-5E9739CC4975}
	EndGlobalSection
EndGlobal
